<?xml version="1.0" encoding="UTF-8" standalone="yes" ?>
<CodeBlocks_project_file>
	<FileVersion major="1" minor="6" />
	<Project>
		<Option title="Anndrzem" />
		<Option pch_mode="2" />
		<Option compiler="gnu_gcc_32" />
		<Build>
			<Target title="Debug">
				<Option output="bin/Debug/Anndrzem" prefix_auto="1" extension_auto="1" />
				<Option object_output="obj/Debug/" />
				<Option type="1" />
				<Option compiler="gnu_gcc_32" />
				<Option parameters='-v &quot;E:\AidemMedia\ORIG\Reksio i Wehikuł Czasu ORIG\Dane\Game\Przygoda\Arcade\aleja\bkg.img&quot;' />
				<Compiler>
					<Add option="-g" />
				</Compiler>
			</Target>
			<Target title="Release">
				<Option output="bin/Release/Anndrzem" prefix_auto="1" extension_auto="1" />
				<Option object_output="obj/Release/" />
				<Option type="1" />
				<Option compiler="gnu_gcc_32" />
				<Option parameters='&quot;bin/Release/reksio.ann&quot; -pl' />
				<Compiler>
					<Add option="-O3" />
				</Compiler>
				<Linker>
					<Add option="-s" />
					<Add option="-static-libstdc++" />
					<Add option="-static-libgcc" />
				</Linker>
			</Target>
		</Build>
		<Compiler>
			<Add option="-Wall" />
			<Add option="-std=c++14" />
			<Add option="-fexceptions" />
			<Add directory="E:/lib/lpng/build/x32" />
			<Add directory="E:/lib/lpng" />
			<Add directory="E:/lib/zlib" />
			<Add directory="include" />
			<Add directory="E:/lib/libjpeg-turbo" />
			<Add directory="E:/lib/libjpeg-turbo/build/x32" />
		</Compiler>
		<Linker>
			<Add option="-lpiklib8_shim" />
			<Add library="E:/lib/lpng/build/x32/libpng16.a" />
			<Add library="E:/lib/zlib/build/x32/libzlibstatic.a" />
			<Add library="E:/lib/libjpeg-turbo/build/x32/libjpeg.a" />
			<Add directory="E:/lib/lpng/build/x32" />
			<Add directory="E:/lib/zlib/build/x32" />
			<Add directory="lib" />
			<Add directory="E:/lib/libjpeg-turbo/build/x32" />
		</Linker>
		<Unit filename="icon.rc">
			<Option compilerVar="WINDRES" />
		</Unit>
		<Unit filename="include/ANN.h" />
		<Unit filename="include/CLZW.h" />
		<Unit filename="include/CRLE.h" />
		<Unit filename="include/Event.h" />
		<Unit filename="include/Frame.h" />
		<Unit filename="include/PNGformat.h" />
		<Unit filename="include/am_utils.h" />
		<Unit filename="include/filesys.h" />
		<Unit filename="include/image.h" />
		<Unit filename="include/piklib8_shim.h" />
		<Unit filename="main.cpp" />
		<Unit filename="src/ANN.cpp" />
		<Unit filename="src/Event.cpp" />
		<Unit filename="src/Frame.cpp" />
		<Unit filename="src/PNGformat.cpp" />
		<Unit filename="src/am_utils.cpp" />
		<Unit filename="src/filesys.cpp" />
		<Unit filename="src/image.cpp" />
		<Extensions>
			<lib_finder disable_auto="1" />
		</Extensions>
	</Project>
</CodeBlocks_project_file>
